// !$*UTF8*$!
{
	archiveVersion = 1;
	classes = {
	};
	objectVersion = 48;
	objects = {

/* Begin PBXBuildFile section */
		F0EB851720B536330031C964 /* AppDelegate.swift in Sources */ = {isa = PBXBuildFile; fileRef = F0EB851620B536330031C964 /* AppDelegate.swift */; };
		F0EB851920B536330031C964 /* MainViewController.swift in Sources */ = {isa = PBXBuildFile; fileRef = F0EB851820B536330031C964 /* MainViewController.swift */; };
		F0EB851C20B536330031C964 /* Main.storyboard in Resources */ = {isa = PBXBuildFile; fileRef = F0EB851A20B536330031C964 /* Main.storyboard */; };
		F0EB851E20B536330031C964 /* Assets.xcassets in Resources */ = {isa = PBXBuildFile; fileRef = F0EB851D20B536330031C964 /* Assets.xcassets */; };
		F0EB852120B536330031C964 /* LaunchScreen.storyboard in Resources */ = {isa = PBXBuildFile; fileRef = F0EB851F20B536330031C964 /* LaunchScreen.storyboard */; };
		F0EB852C20B536330031C964 /* SimplePageViewerTests.swift in Sources */ = {isa = PBXBuildFile; fileRef = F0EB852B20B536330031C964 /* SimplePageViewerTests.swift */; };
		F0EB853720B536330031C964 /* SimplePageViewerUITests.swift in Sources */ = {isa = PBXBuildFile; fileRef = F0EB853620B536330031C964 /* SimplePageViewerUITests.swift */; };
		F0EB854920B536550031C964 /* SegmentViewCell.swift in Sources */ = {isa = PBXBuildFile; fileRef = F0EB854420B536540031C964 /* SegmentViewCell.swift */; };
		F0EB854A20B536550031C964 /* Extensions+String.swift in Sources */ = {isa = PBXBuildFile; fileRef = F0EB854520B536540031C964 /* Extensions+String.swift */; };
		F0EB854B20B536550031C964 /* GenericBorderView.swift in Sources */ = {isa = PBXBuildFile; fileRef = F0EB854620B536540031C964 /* GenericBorderView.swift */; };
		F0EB854C20B536550031C964 /* SegmentControlView.swift in Sources */ = {isa = PBXBuildFile; fileRef = F0EB854720B536540031C964 /* SegmentControlView.swift */; };
		F0EB854D20B536550031C964 /* SegmentViewCell.xib in Resources */ = {isa = PBXBuildFile; fileRef = F0EB854820B536540031C964 /* SegmentViewCell.xib */; };
		F0EB855020B537BC0031C964 /* MainCollectionViewCell.swift in Sources */ = {isa = PBXBuildFile; fileRef = F0EB854E20B537BC0031C964 /* MainCollectionViewCell.swift */; };
		F0EB855120B537BC0031C964 /* MainCollectionViewCell.xib in Resources */ = {isa = PBXBuildFile; fileRef = F0EB854F20B537BC0031C964 /* MainCollectionViewCell.xib */; };
/* End PBXBuildFile section */

/* Begin PBXContainerItemProxy section */
		F0EB852820B536330031C964 /* PBXContainerItemProxy */ = {
			isa = PBXContainerItemProxy;
			containerPortal = F0EB850B20B536330031C964 /* Project object */;
			proxyType = 1;
			remoteGlobalIDString = F0EB851220B536330031C964;
			remoteInfo = SimplePageViewer;
		};
		F0EB853320B536330031C964 /* PBXContainerItemProxy */ = {
			isa = PBXContainerItemProxy;
			containerPortal = F0EB850B20B536330031C964 /* Project object */;
			proxyType = 1;
			remoteGlobalIDString = F0EB851220B536330031C964;
			remoteInfo = SimplePageViewer;
		};
/* End PBXContainerItemProxy section */

/* Begin PBXFileReference section */
		F0EB851320B536330031C964 /* SimplePageViewer.app */ = {isa = PBXFileReference; explicitFileType = wrapper.application; includeInIndex = 0; path = SimplePageViewer.app; sourceTree = BUILT_PRODUCTS_DIR; };
		F0EB851620B536330031C964 /* AppDelegate.swift */ = {isa = PBXFileReference; lastKnownFileType = sourcecode.swift; path = AppDelegate.swift; sourceTree = "<group>"; };
		F0EB851820B536330031C964 /* MainViewController.swift */ = {isa = PBXFileReference; lastKnownFileType = sourcecode.swift; path = MainViewController.swift; sourceTree = "<group>"; };
		F0EB851B20B536330031C964 /* Base */ = {isa = PBXFileReference; lastKnownFileType = file.storyboard; name = Base; path = Base.lproj/Main.storyboard; sourceTree = "<group>"; };
		F0EB851D20B536330031C964 /* Assets.xcassets */ = {isa = PBXFileReference; lastKnownFileType = folder.assetcatalog; path = Assets.xcassets; sourceTree = "<group>"; };
		F0EB852020B536330031C964 /* Base */ = {isa = PBXFileReference; lastKnownFileType = file.storyboard; name = Base; path = Base.lproj/LaunchScreen.storyboard; sourceTree = "<group>"; };
		F0EB852220B536330031C964 /* Info.plist */ = {isa = PBXFileReference; lastKnownFileType = text.plist.xml; path = Info.plist; sourceTree = "<group>"; };
		F0EB852720B536330031C964 /* SimplePageViewerTests.xctest */ = {isa = PBXFileReference; explicitFileType = wrapper.cfbundle; includeInIndex = 0; path = SimplePageViewerTests.xctest; sourceTree = BUILT_PRODUCTS_DIR; };
		F0EB852B20B536330031C964 /* SimplePageViewerTests.swift */ = {isa = PBXFileReference; lastKnownFileType = sourcecode.swift; path = SimplePageViewerTests.swift; sourceTree = "<group>"; };
		F0EB852D20B536330031C964 /* Info.plist */ = {isa = PBXFileReference; lastKnownFileType = text.plist.xml; path = Info.plist; sourceTree = "<group>"; };
		F0EB853220B536330031C964 /* SimplePageViewerUITests.xctest */ = {isa = PBXFileReference; explicitFileType = wrapper.cfbundle; includeInIndex = 0; path = SimplePageViewerUITests.xctest; sourceTree = BUILT_PRODUCTS_DIR; };
		F0EB853620B536330031C964 /* SimplePageViewerUITests.swift */ = {isa = PBXFileReference; lastKnownFileType = sourcecode.swift; path = SimplePageViewerUITests.swift; sourceTree = "<group>"; };
		F0EB853820B536330031C964 /* Info.plist */ = {isa = PBXFileReference; lastKnownFileType = text.plist.xml; path = Info.plist; sourceTree = "<group>"; };
		F0EB854420B536540031C964 /* SegmentViewCell.swift */ = {isa = PBXFileReference; fileEncoding = 4; lastKnownFileType = sourcecode.swift; path = SegmentViewCell.swift; sourceTree = "<group>"; };
		F0EB854520B536540031C964 /* Extensions+String.swift */ = {isa = PBXFileReference; fileEncoding = 4; lastKnownFileType = sourcecode.swift; path = "Extensions+String.swift"; sourceTree = "<group>"; };
		F0EB854620B536540031C964 /* GenericBorderView.swift */ = {isa = PBXFileReference; fileEncoding = 4; lastKnownFileType = sourcecode.swift; path = GenericBorderView.swift; sourceTree = "<group>"; };
		F0EB854720B536540031C964 /* SegmentControlView.swift */ = {isa = PBXFileReference; fileEncoding = 4; lastKnownFileType = sourcecode.swift; path = SegmentControlView.swift; sourceTree = "<group>"; };
		F0EB854820B536540031C964 /* SegmentViewCell.xib */ = {isa = PBXFileReference; fileEncoding = 4; lastKnownFileType = file.xib; path = SegmentViewCell.xib; sourceTree = "<group>"; };
		F0EB854E20B537BC0031C964 /* MainCollectionViewCell.swift */ = {isa = PBXFileReference; lastKnownFileType = sourcecode.swift; path = MainCollectionViewCell.swift; sourceTree = "<group>"; };
		F0EB854F20B537BC0031C964 /* MainCollectionViewCell.xib */ = {isa = PBXFileReference; lastKnownFileType = file.xib; path = MainCollectionViewCell.xib; sourceTree = "<group>"; };
/* End PBXFileReference section */

/* Begin PBXFrameworksBuildPhase section */
		F0EB851020B536330031C964 /* Frameworks */ = {
			isa = PBXFrameworksBuildPhase;
			buildActionMask = 2147483647;
			files = (
			);
			runOnlyForDeploymentPostprocessing = 0;
		};
		F0EB852420B536330031C964 /* Frameworks */ = {
			isa = PBXFrameworksBuildPhase;
			buildActionMask = 2147483647;
			files = (
			);
			runOnlyForDeploymentPostprocessing = 0;
		};
		F0EB852F20B536330031C964 /* Frameworks */ = {
			isa = PBXFrameworksBuildPhase;
			buildActionMask = 2147483647;
			files = (
			);
			runOnlyForDeploymentPostprocessing = 0;
		};
/* End PBXFrameworksBuildPhase section */

/* Begin PBXGroup section */
		F0EB850A20B536330031C964 = {
			isa = PBXGroup;
			children = (
				F0EB851520B536330031C964 /* SimplePageViewer */,
				F0EB852A20B536330031C964 /* SimplePageViewerTests */,
				F0EB853520B536330031C964 /* SimplePageViewerUITests */,
				F0EB851420B536330031C964 /* Products */,
			);
			sourceTree = "<group>";
		};
		F0EB851420B536330031C964 /* Products */ = {
			isa = PBXGroup;
			children = (
				F0EB851320B536330031C964 /* SimplePageViewer.app */,
				F0EB852720B536330031C964 /* SimplePageViewerTests.xctest */,
				F0EB853220B536330031C964 /* SimplePageViewerUITests.xctest */,
			);
			name = Products;
			sourceTree = "<group>";
		};
		F0EB851520B536330031C964 /* SimplePageViewer */ = {
			isa = PBXGroup;
			children = (
				F0EB851620B536330031C964 /* AppDelegate.swift */,
				F0EB851820B536330031C964 /* MainViewController.swift */,
				F0EB854E20B537BC0031C964 /* MainCollectionViewCell.swift */,
				F0EB854F20B537BC0031C964 /* MainCollectionViewCell.xib */,
				F0EB854520B536540031C964 /* Extensions+String.swift */,
				F0EB854620B536540031C964 /* GenericBorderView.swift */,
				F0EB854720B536540031C964 /* SegmentControlView.swift */,
				F0EB854420B536540031C964 /* SegmentViewCell.swift */,
				F0EB854820B536540031C964 /* SegmentViewCell.xib */,
				F0EB851A20B536330031C964 /* Main.storyboard */,
				F0EB851D20B536330031C964 /* Assets.xcassets */,
				F0EB851F20B536330031C964 /* LaunchScreen.storyboard */,
				F0EB852220B536330031C964 /* Info.plist */,
			);
			path = SimplePageViewer;
			sourceTree = "<group>";
		};
		F0EB852A20B536330031C964 /* SimplePageViewerTests */ = {
			isa = PBXGroup;
			children = (
				F0EB852B20B536330031C964 /* SimplePageViewerTests.swift */,
				F0EB852D20B536330031C964 /* Info.plist */,
			);
			path = SimplePageViewerTests;
			sourceTree = "<group>";
		};
		F0EB853520B536330031C964 /* SimplePageViewerUITests */ = {
			isa = PBXGroup;
			children = (
				F0EB853620B536330031C964 /* SimplePageViewerUITests.swift */,
				F0EB853820B536330031C964 /* Info.plist */,
			);
			path = SimplePageViewerUITests;
			sourceTree = "<group>";
		};
/* End PBXGroup section */

/* Begin PBXNativeTarget section */
		F0EB851220B536330031C964 /* SimplePageViewer */ = {
			isa = PBXNativeTarget;
			buildConfigurationList = F0EB853B20B536330031C964 /* Build configuration list for PBXNativeTarget "SimplePageViewer" */;
			buildPhases = (
				F0EB850F20B536330031C964 /* Sources */,
				F0EB851020B536330031C964 /* Frameworks */,
				F0EB851120B536330031C964 /* Resources */,
			);
			buildRules = (
			);
			dependencies = (
			);
			name = SimplePageViewer;
			productName = SimplePageViewer;
			productReference = F0EB851320B536330031C964 /* SimplePageViewer.app */;
			productType = "com.apple.product-type.application";
		};
		F0EB852620B536330031C964 /* SimplePageViewerTests */ = {
			isa = PBXNativeTarget;
			buildConfigurationList = F0EB853E20B536330031C964 /* Build configuration list for PBXNativeTarget "SimplePageViewerTests" */;
			buildPhases = (
				F0EB852320B536330031C964 /* Sources */,
				F0EB852420B536330031C964 /* Frameworks */,
				F0EB852520B536330031C964 /* Resources */,
			);
			buildRules = (
			);
			dependencies = (
				F0EB852920B536330031C964 /* PBXTargetDependency */,
			);
			name = SimplePageViewerTests;
			productName = SimplePageViewerTests;
			productReference = F0EB852720B536330031C964 /* SimplePageViewerTests.xctest */;
			productType = "com.apple.product-type.bundle.unit-test";
		};
		F0EB853120B536330031C964 /* SimplePageViewerUITests */ = {
			isa = PBXNativeTarget;
			buildConfigurationList = F0EB854120B536330031C964 /* Build configuration list for PBXNativeTarget "SimplePageViewerUITests" */;
			buildPhases = (
				F0EB852E20B536330031C964 /* Sources */,
				F0EB852F20B536330031C964 /* Frameworks */,
				F0EB853020B536330031C964 /* Resources */,
			);
			buildRules = (
			);
			dependencies = (
				F0EB853420B536330031C964 /* PBXTargetDependency */,
			);
			name = SimplePageViewerUITests;
			productName = SimplePageViewerUITests;
			productReference = F0EB853220B536330031C964 /* SimplePageViewerUITests.xctest */;
			productType = "com.apple.product-type.bundle.ui-testing";
		};
/* End PBXNativeTarget section */

/* Begin PBXProject section */
		F0EB850B20B536330031C964 /* Project object */ = {
			isa = PBXProject;
			attributes = {
				LastSwiftUpdateCheck = 0920;
				LastUpgradeCheck = 0920;
				ORGANIZATIONNAME = Saravanakumar;
				TargetAttributes = {
					F0EB851220B536330031C964 = {
						CreatedOnToolsVersion = 9.2;
						ProvisioningStyle = Automatic;
					};
					F0EB852620B536330031C964 = {
						CreatedOnToolsVersion = 9.2;
						ProvisioningStyle = Automatic;
						TestTargetID = F0EB851220B536330031C964;
					};
					F0EB853120B536330031C964 = {
						CreatedOnToolsVersion = 9.2;
						ProvisioningStyle = Automatic;
						TestTargetID = F0EB851220B536330031C964;
					};
				};
			};
			buildConfigurationList = F0EB850E20B536330031C964 /* Build configuration list for PBXProject "SimplePageViewer" */;
			compatibilityVersion = "Xcode 8.0";
			developmentRegion = en;
			hasScannedForEncodings = 0;
			knownRegions = (
				en,
				Base,
			);
			mainGroup = F0EB850A20B536330031C964;
			productRefGroup = F0EB851420B536330031C964 /* Products */;
			projectDirPath = "";
			projectRoot = "";
			targets = (
				F0EB851220B536330031C964 /* SimplePageViewer */,
				F0EB852620B536330031C964 /* SimplePageViewerTests */,
				F0EB853120B536330031C964 /* SimplePageViewerUITests */,
			);
		};
/* End PBXProject section */

/* Begin PBXResourcesBuildPhase section */
		F0EB851120B536330031C964 /* Resources */ = {
			isa = PBXResourcesBuildPhase;
			buildActionMask = 2147483647;
			files = (
				F0EB852120B536330031C964 /* LaunchScreen.storyboard in Resources */,
				F0EB851E20B536330031C964 /* Assets.xcassets in Resources */,
				F0EB854D20B536550031C964 /* SegmentViewCell.xib in Resources */,
				F0EB855120B537BC0031C964 /* MainCollectionViewCell.xib in Resources */,
				F0EB851C20B536330031C964 /* Main.storyboard in Resources */,
			);
			runOnlyForDeploymentPostprocessing = 0;
		};
		F0EB852520B536330031C964 /* Resources */ = {
			isa = PBXResourcesBuildPhase;
			buildActionMask = 2147483647;
			files = (
			);
			runOnlyForDeploymentPostprocessing = 0;
		};
		F0EB853020B536330031C964 /* Resources */ = {
			isa = PBXResourcesBuildPhase;
			buildActionMask = 2147483647;
			files = (
			);
			runOnlyForDeploymentPostprocessing = 0;
		};
/* End PBXResourcesBuildPhase section */

/* Begin PBXSourcesBuildPhase section */
		F0EB850F20B536330031C964 /* Sources */ = {
			isa = PBXSourcesBuildPhase;
			buildActionMask = 2147483647;
			files = (
				F0EB855020B537BC0031C964 /* MainCollectionViewCell.swift in Sources */,
				F0EB854A20B536550031C964 /* Extensions+String.swift in Sources */,
				F0EB851920B536330031C964 /* MainViewController.swift in Sources */,
				F0EB854C20B536550031C964 /* SegmentControlView.swift in Sources */,
				F0EB854920B536550031C964 /* SegmentViewCell.swift in Sources */,
				F0EB851720B536330031C964 /* AppDelegate.swift in Sources */,
				F0EB854B20B536550031C964 /* GenericBorderView.swift in Sources */,
			);
			runOnlyForDeploymentPostprocessing = 0;
		};
		F0EB852320B536330031C964 /* Sources */ = {
			isa = PBXSourcesBuildPhase;
			buildActionMask = 2147483647;
			files = (
				F0EB852C20B536330031C964 /* SimplePageViewerTests.swift in Sources */,
			);
			runOnlyForDeploymentPostprocessing = 0;
		};
		F0EB852E20B536330031C964 /* Sources */ = {
			isa = PBXSourcesBuildPhase;
			buildActionMask = 2147483647;
			files = (
				F0EB853720B536330031C964 /* SimplePageViewerUITests.swift in Sources */,
			);
			runOnlyForDeploymentPostprocessing = 0;
		};
/* End PBXSourcesBuildPhase section */

/* Begin PBXTargetDependency section */
		F0EB852920B536330031C964 /* PBXTargetDependency */ = {
			isa = PBXTargetDependency;
			target = F0EB851220B536330031C964 /* SimplePageViewer */;
			targetProxy = F0EB852820B536330031C964 /* PBXContainerItemProxy */;
		};
		F0EB853420B536330031C964 /* PBXTargetDependency */ = {
			isa = PBXTargetDependency;
			target = F0EB851220B536330031C964 /* SimplePageViewer */;
			targetProxy = F0EB853320B536330031C964 /* PBXContainerItemProxy */;
		};
/* End PBXTargetDependency section */

/* Begin PBXVariantGroup section */
		F0EB851A20B536330031C964 /* Main.storyboard */ = {
			isa = PBXVariantGroup;
			children = (
				F0EB851B20B536330031C964 /* Base */,
			);
			name = Main.storyboard;
			sourceTree = "<group>";
		};
		F0EB851F20B536330031C964 /* LaunchScreen.storyboard */ = {
			isa = PBXVariantGroup;
			children = (
				F0EB852020B536330031C964 /* Base */,
			);
			name = LaunchScreen.storyboard;
			sourceTree = "<group>";
		};
/* End PBXVariantGroup section */

/* Begin XCBuildConfiguration section */
		F0EB853920B536330031C964 /* Debug */ = {
			isa = XCBuildConfiguration;
			buildSettings = {
				ALWAYS_SEARCH_USER_PATHS = NO;
				CLANG_ANALYZER_NONNULL = YES;
				CLANG_ANALYZER_NUMBER_OBJECT_CONVERSION = YES_AGGRESSIVE;
				CLANG_CXX_LANGUAGE_STANDARD = "gnu++14";
				CLANG_CXX_LIBRARY = "libc++";
				CLANG_ENABLE_MODULES = YES;
				CLANG_ENABLE_OBJC_ARC = YES;
				CLANG_WARN_BLOCK_CAPTURE_AUTORELEASING = YES;
				CLANG_WARN_BOOL_CONVERSION = YES;
				CLANG_WARN_COMMA = YES;
				CLANG_WARN_CONSTANT_CONVERSION = YES;
				CLANG_WARN_DIRECT_OBJC_ISA_USAGE = YES_ERROR;
				CLANG_WARN_DOCUMENTATION_COMMENTS = YES;
				CLANG_WARN_EMPTY_BODY = YES;
				CLANG_WARN_ENUM_CONVERSION = YES;
				CLANG_WARN_INFINITE_RECURSION = YES;
				CLANG_WARN_INT_CONVERSION = YES;
				CLANG_WARN_NON_LITERAL_NULL_CONVERSION = YES;
				CLANG_WARN_OBJC_LITERAL_CONVERSION = YES;
				CLANG_WARN_OBJC_ROOT_CLASS = YES_ERROR;
				CLANG_WARN_RANGE_LOOP_ANALYSIS = YES;
				CLANG_WARN_STRICT_PROTOTYPES = YES;
				CLANG_WARN_SUSPICIOUS_MOVE = YES;
				CLANG_WARN_UNGUARDED_AVAILABILITY = YES_AGGRESSIVE;
				CLANG_WARN_UNREACHABLE_CODE = YES;
				CLANG_WARN__DUPLICATE_METHOD_MATCH = YES;
				CODE_SIGN_IDENTITY = "iPhone Developer";
				COPY_PHASE_STRIP = NO;
				DEBUG_INFORMATION_FORMAT = dwarf;
				ENABLE_STRICT_OBJC_MSGSEND = YES;
				ENABLE_TESTABILITY = YES;
				GCC_C_LANGUAGE_STANDARD = gnu11;
				GCC_DYNAMIC_NO_PIC = NO;
				GCC_NO_COMMON_BLOCKS = YES;
				GCC_OPTIMIZATION_LEVEL = 0;
				GCC_PREPROCESSOR_DEFINITIONS = (
					"DEBUG=1",
					"$(inherited)",
				);
				GCC_WARN_64_TO_32_BIT_CONVERSION = YES;
				GCC_WARN_ABOUT_RETURN_TYPE = YES_ERROR;
				GCC_WARN_UNDECLARED_SELECTOR = YES;
				GCC_WARN_UNINITIALIZED_AUTOS = YES_AGGRESSIVE;
				GCC_WARN_UNUSED_FUNCTION = YES;
				GCC_WARN_UNUSED_VARIABLE = YES;
				IPHONEOS_DEPLOYMENT_TARGET = 11.2;
				MTL_ENABLE_DEBUG_INFO = YES;
				ONLY_ACTIVE_ARCH = YES;
				SDKROOT = iphoneos;
				SWIFT_ACTIVE_COMPILATION_CONDITIONS = DEBUG;
				SWIFT_OPTIMIZATION_LEVEL = "-Onone";
			};
			name = Debug;
		};
		F0EB853A20B536330031C964 /* Release */ = {
			isa = XCBuildConfiguration;
			buildSettings = {
				ALWAYS_SEARCH_USER_PATHS = NO;
				CLANG_ANALYZER_NONNULL = YES;
				CLANG_ANALYZER_NUMBER_OBJECT_CONVERSION = YES_AGGRESSIVE;
				CLANG_CXX_LANGUAGE_STANDARD = "gnu++14";
				CLANG_CXX_LIBRARY = "libc++";
				CLANG_ENABLE_MODULES = YES;
				CLANG_ENABLE_OBJC_ARC = YES;
				CLANG_WARN_BLOCK_CAPTURE_AUTORELEASING = YES;
				CLANG_WARN_BOOL_CONVERSION = YES;
				CLANG_WARN_COMMA = YES;
				CLANG_WARN_CONSTANT_CONVERSION = YES;
				CLANG_WARN_DIRECT_OBJC_ISA_USAGE = YES_ERROR;
				CLANG_WARN_DOCUMENTATION_COMMENTS = YES;
				CLANG_WARN_EMPTY_BODY = YES;
				CLANG_WARN_ENUM_CONVERSION = YES;
				CLANG_WARN_INFINITE_RECURSION = YES;
				CLANG_WARN_INT_CONVERSION = YES;
				CLANG_WARN_NON_LITERAL_NULL_CONVERSION = YES;
				CLANG_WARN_OBJC_LITERAL_CONVERSION = YES;
				CLANG_WARN_OBJC_ROOT_CLASS = YES_ERROR;
				CLANG_WARN_RANGE_LOOP_ANALYSIS = YES;
				CLANG_WARN_STRICT_PROTOTYPES = YES;
				CLANG_WARN_SUSPICIOUS_MOVE = YES;
				CLANG_WARN_UNGUARDED_AVAILABILITY = YES_AGGRESSIVE;
				CLANG_WARN_UNREACHABLE_CODE = YES;
				CLANG_WARN__DUPLICATE_METHOD_MATCH = YES;
				CODE_SIGN_IDENTITY = "iPhone Developer";
				COPY_PHASE_STRIP = NO;
				DEBUG_INFORMATION_FORMAT = "dwarf-with-dsym";
				ENABLE_NS_ASSERTIONS = NO;
				ENABLE_STRICT_OBJC_MSGSEND = YES;
				GCC_C_LANGUAGE_STANDARD = gnu11;
				GCC_NO_COMMON_BLOCKS = YES;
				GCC_WARN_64_TO_32_BIT_CONVERSION = YES;
				GCC_WARN_ABOUT_RETURN_TYPE = YES_ERROR;
				GCC_WARN_UNDECLARED_SELECTOR = YES;
				GCC_WARN_UNINITIALIZED_AUTOS = YES_AGGRESSIVE;
				GCC_WARN_UNUSED_FUNCTION = YES;
				GCC_WARN_UNUSED_VARIABLE = YES;
				IPHONEOS_DEPLOYMENT_TARGET = 11.2;
				MTL_ENABLE_DEBUG_INFO = NO;
				SDKROOT = iphoneos;
				SWIFT_OPTIMIZATION_LEVEL = "-Owholemodule";
				VALIDATE_PRODUCT = YES;
			};
			name = Release;
		};
		F0EB853C20B536330031C964 /* Debug */ = {
			isa = XCBuildConfiguration;
			buildSettings = {
				ASSETCATALOG_COMPILER_APPICON_NAME = AppIcon;
				CODE_SIGN_STYLE = Automatic;
				DEVELOPMENT_TEAM = X8H2Z85T93;
				INFOPLIST_FILE = SimplePageViewer/Info.plist;
				IPHONEOS_DEPLOYMENT_TARGET = 10.0;
				LD_RUNPATH_SEARCH_PATHS = "$(inherited) @executable_path/Frameworks";
				PRODUCT_BUNDLE_IDENTIFIER = com.zydesoft.phoneAuth;
				PRODUCT_NAME = "$(TARGET_NAME)";
				SWIFT_VERSION = 4.0;
				TARGETED_DEVICE_FAMILY = "1,2";
			};
			name = Debug;
		};
		F0EB853D20B536330031C964 /* Release */ = {
			isa = XCBuildConfiguration;
			buildSettings = {
				ASSETCATALOG_COMPILER_APPICON_NAME = AppIcon;
				CODE_SIGN_STYLE = Automatic;
				DEVELOPMENT_TEAM = X8H2Z85T93;
				INFOPLIST_FILE = SimplePageViewer/Info.plist;
				IPHONEOS_DEPLOYMENT_TARGET = 10.0;
				LD_RUNPATH_SEARCH_PATHS = "$(inherited) @executable_path/Frameworks";
				PRODUCT_BUNDLE_IDENTIFIER = com.zydesoft.phoneAuth;
				PRODUCT_NAME = "$(TARGET_NAME)";
				SWIFT_VERSION = 4.0;
				TARGETED_DEVICE_FAMILY = "1,2";
			};
			name = Release;
		};
		F0EB853F20B536330031C964 /* Debug */ = {
			isa = XCBuildConfiguration;
			buildSettings = {
				ALWAYS_EMBED_SWIFT_STANDARD_LIBRARIES = YES;
				BUNDLE_LOADER = "$(TEST_HOST)";
				CODE_SIGN_STYLE = Automatic;
				INFOPLIST_FILE = SimplePageViewerTests/Info.plist;
				LD_RUNPATH_SEARCH_PATHS = "$(inherited) @executable_path/Frameworks @loader_path/Frameworks";
				PRODUCT_BUNDLE_IDENTIFIER = com..SimplePageViewerTests;
				PRODUCT_NAME = "$(TARGET_NAME)";
				SWIFT_VERSION = 4.0;
				TARGETED_DEVICE_FAMILY = "1,2";
				TEST_HOST = "$(BUILT_PRODUCTS_DIR)/SimplePageViewer.app/SimplePageViewer";
			};
			name = Debug;
		};
		F0EB854020B536330031C964 /* Release */ = {
			isa = XCBuildConfiguration;
			buildSettings = {
				ALWAYS_EMBED_SWIFT_STANDARD_LIBRARIES = YES;
				BUNDLE_LOADER = "$(TEST_HOST)";
				CODE_SIGN_STYLE = Automatic;
				INFOPLIST_FILE = SimplePageViewerTests/Info.plist;
				LD_RUNPATH_SEARCH_PATHS = "$(inherited) @executable_path/Frameworks @loader_path/Frameworks";
				PRODUCT_BUNDLE_IDENTIFIER = com..SimplePageViewerTests;
				PRODUCT_NAME = "$(TARGET_NAME)";
				SWIFT_VERSION = 4.0;
				TARGETED_DEVICE_FAMILY = "1,2";
				TEST_HOST = "$(BUILT_PRODUCTS_DIR)/SimplePageViewer.app/SimplePageViewer";
			};
			name = Release;
		};
		F0EB854220B536330031C964 /* Debug */ = {
			isa = XCBuildConfiguration;
			buildSettings = {
				ALWAYS_EMBED_SWIFT_STANDARD_LIBRARIES = YES;
				CODE_SIGN_STYLE = Automatic;
				INFOPLIST_FILE = SimplePageViewerUITests/Info.plist;
				LD_RUNPATH_SEARCH_PATHS = "$(inherited) @executable_path/Frameworks @loader_path/Frameworks";
				PRODUCT_BUNDLE_IDENTIFIER = com..SimplePageViewerUITests;
				PRODUCT_NAME = "$(TARGET_NAME)";
				SWIFT_VERSION = 4.0;
				TARGETED_DEVICE_FAMILY = "1,2";
				TEST_TARGET_NAME = SimplePageViewer;
			};
			name = Debug;
		};
		F0EB854320B536330031C964 /* Release */ = {
			isa = XCBuildConfiguration;
			buildSettings = {
				ALWAYS_EMBED_SWIFT_STANDARD_LIBRARIES = YES;
				CODE_SIGN_STYLE = Automatic;
				INFOPLIST_FILE = SimplePageViewerUITests/Info.plist;
				LD_RUNPATH_SEARCH_PATHS = "$(inherited) @executable_path/Frameworks @loader_path/Frameworks";
				PRODUCT_BUNDLE_IDENTIFIER = com..SimplePageViewerUITests;
				PRODUCT_NAME = "$(TARGET_NAME)";
				SWIFT_VERSION = 4.0;
				TARGETED_DEVICE_FAMILY = "1,2";
				TEST_TARGET_NAME = SimplePageViewer;
			};
			name = Release;
		};
/* End XCBuildConfiguration section */

/* Begin XCConfigurationList section */
		F0EB850E20B536330031C964 /* Build configuration list for PBXProject "SimplePageViewer" */ = {
			isa = XCConfigurationList;
			buildConfigurations = (
				F0EB853920B536330031C964 /* Debug */,
				F0EB853A20B536330031C964 /* Release */,
			);
			defaultConfigurationIsVisible = 0;
			defaultConfigurationName = Release;
		};
		F0EB853B20B536330031C964 /* Build configuration list for PBXNativeTarget "SimplePageViewer" */ = {
			isa = XCConfigurationList;
			buildConfigurations = (
				F0EB853C20B536330031C964 /* Debug */,
				F0EB853D20B536330031C964 /* Release */,
			);
			defaultConfigurationIsVisible = 0;
			defaultConfigurationName = Release;
		};
		F0EB853E20B536330031C964 /* Build configuration list for PBXNativeTarget "SimplePageViewerTests" */ = {
			isa = XCConfigurationList;
			buildConfigurations = (
				F0EB853F20B536330031C964 /* Debug */,
				F0EB854020B536330031C964 /* Release */,
			);
			defaultConfigurationIsVisible = 0;
			defaultConfigurationName = Release;
		};
		F0EB854120B536330031C964 /* Build configuration list for PBXNativeTarget "SimplePageViewerUITests" */ = {
			isa = XCConfigurationList;
			buildConfigurations = (
				F0EB854220B536330031C964 /* Debug */,
				F0EB854320B536330031C964 /* Release */,
			);
			defaultConfigurationIsVisible = 0;
			defaultConfigurationName = Release;
		};
/* End XCConfigurationList section */
	};
	rootObject = F0EB850B20B536330031C964 /* Project object */;
}
